
Microsoft Visual Studio Solution File, Format Version 12.00
# Visual Studio 14
VisualStudioVersion = 14.0.24720.0
MinimumVisualStudioVersion = 10.0.40219.1
Project("{FAE04EC0-301F-11D3-BF4B-00C04F79EFBC}") = "ExcuseExchangeApp", "ExcuseExchangeApp\ExcuseExchangeApp.csproj", "{836E6F5C-5BC4-4350-BAB8-047673697998}"
EndProject
Project("{FAE04EC0-301F-11D3-BF4B-00C04F79EFBC}") = "ExcuseExchangeAppWeb", "ExcuseExchangeAppWeb\ExcuseExchangeAppWeb.csproj", "{705F17E3-2E4C-432A-B35F-5C541985D264}"
EndProject
Global
	GlobalSection(SolutionConfigurationPlatforms) = preSolution
		Debug|Any CPU = Debug|Any CPU
		Release|Any CPU = Release|Any CPU
	EndGlobalSection
	GlobalSection(ProjectConfigurationPlatforms) = postSolution
		{836E6F5C-5BC4-4350-BAB8-047673697998}.Debug|Any CPU.ActiveCfg = Debug|Any CPU
		{836E6F5C-5BC4-4350-BAB8-047673697998}.Debug|Any CPU.Build.0 = Debug|Any CPU
		{836E6F5C-5BC4-4350-BAB8-047673697998}.Debug|Any CPU.Deploy.0 = Debug|Any CPU
		{836E6F5C-5BC4-4350-BAB8-047673697998}.Release|Any CPU.ActiveCfg = Release|Any CPU
		{836E6F5C-5BC4-4350-BAB8-047673697998}.Release|Any CPU.Build.0 = Release|Any CPU
		{836E6F5C-5BC4-4350-BAB8-047673697998}.Release|Any CPU.Deploy.0 = Release|Any CPU
		{705F17E3-2E4C-432A-B35F-5C541985D264}.Debug|Any CPU.ActiveCfg = Debug|Any CPU
		{705F17E3-2E4C-432A-B35F-5C541985D264}.Debug|Any CPU.Build.0 = Debug|Any CPU
		{705F17E3-2E4C-432A-B35F-5C541985D264}.Release|Any CPU.ActiveCfg = Release|Any CPU
		{705F17E3-2E4C-432A-B35F-5C541985D264}.Release|Any CPU.Build.0 = Release|Any CPU
	EndGlobalSection
	GlobalSection(SolutionProperties) = preSolution
		HideSolutionNode = FALSE
	EndGlobalSection
EndGlobal
